
Microsoft Visual Studio Solution File, Format Version 12.00
Project("{FAE04EC0-301F-11D3-BF4B-00C04F79EFBC}") = "DiskraChecker", "DiskraChecker\DiskraChecker.csproj", "{80E1CC95-6E45-472A-B7A0-1B2C1AE6B8C0}"
EndProject
Project("{FAE04EC0-301F-11D3-BF4B-00C04F79EFBC}") = "DiskraCheckerTests", "DiskraCheckerTests\DiskraCheckerTests.csproj", "{42D9D52D-BB2B-40D8-82EE-2E4DDECEB54C}"
EndProject
Global
	GlobalSection(SolutionConfigurationPlatforms) = preSolution
		Debug|Any CPU = Debug|Any CPU
		Release|Any CPU = Release|Any CPU
	EndGlobalSection
	GlobalSection(ProjectConfigurationPlatforms) = postSolution
		{80E1CC95-6E45-472A-B7A0-1B2C1AE6B8C0}.Release|Any CPU.ActiveCfg = Release|Any CPU
		{80E1CC95-6E45-472A-B7A0-1B2C1AE6B8C0}.Release|Any CPU.Build.0 = Release|Any CPU
		{80E1CC95-6E45-472A-B7A0-1B2C1AE6B8C0}.Debug|Any CPU.ActiveCfg = Debug|Any CPU
		{80E1CC95-6E45-472A-B7A0-1B2C1AE6B8C0}.Debug|Any CPU.Build.0 = Debug|Any CPU
		{42D9D52D-BB2B-40D8-82EE-2E4DDECEB54C}.Debug|Any CPU.ActiveCfg = Debug|Any CPU
		{42D9D52D-BB2B-40D8-82EE-2E4DDECEB54C}.Debug|Any CPU.Build.0 = Debug|Any CPU
		{42D9D52D-BB2B-40D8-82EE-2E4DDECEB54C}.Release|Any CPU.ActiveCfg = Release|Any CPU
		{42D9D52D-BB2B-40D8-82EE-2E4DDECEB54C}.Release|Any CPU.Build.0 = Release|Any CPU
	EndGlobalSection
EndGlobal
